
Microsoft Visual Studio Solution File, Format Version 12.00
# Visual Studio Version 17
VisualStudioVersion = 17.14.36310.24 d17.14
MinimumVisualStudioVersion = 10.0.40219.1
Project("{FAE04EC0-301F-11D3-BF4B-00C04F79EFBC}") = "Demo_Class_and_Objects_SRP_OOPs", "Demo_Class_and_Objects_SRP_OOPs.csproj", "{F1D76A86-8346-4DA6-82C6-66FB1CD400F7}"
EndProject
Global
	GlobalSection(SolutionConfigurationPlatforms) = preSolution
		Debug|Any CPU = Debug|Any CPU
		Release|Any CPU = Release|Any CPU
	EndGlobalSection
	GlobalSection(ProjectConfigurationPlatforms) = postSolution
		{F1D76A86-8346-4DA6-82C6-66FB1CD400F7}.Debug|Any CPU.ActiveCfg = Debug|Any CPU
		{F1D76A86-8346-4DA6-82C6-66FB1CD400F7}.Debug|Any CPU.Build.0 = Debug|Any CPU
		{F1D76A86-8346-4DA6-82C6-66FB1CD400F7}.Release|Any CPU.ActiveCfg = Release|Any CPU
		{F1D76A86-8346-4DA6-82C6-66FB1CD400F7}.Release|Any CPU.Build.0 = Release|Any CPU
	EndGlobalSection
	GlobalSection(SolutionProperties) = preSolution
		HideSolutionNode = FALSE
	EndGlobalSection
	GlobalSection(ExtensibilityGlobals) = postSolution
		SolutionGuid = {44C8E1F6-58E3-434F-9CE9-B10BD139575D}
	EndGlobalSection
EndGlobal
